{"1.2.0",
[{<<"any">>,
  {git,"https://github.com/shortishly/any.git",
       {ref,"4f477510226e22bed7ed855b2deb3a62113514a9"}},
  0},
 {<<"cowboy">>,
  {git,"https://github.com/ninenines/cowboy",
       {ref,"04ca4c5d31a92d4d3de087bbd7d6021dc4a6d409"}},
  1},
 {<<"cowlib">>,
  {git,"https://github.com/ninenines/cowlib",
       {ref,"e9448e5628c8c1d9083223ff973af8de31a566d1"}},
  2},
 {<<"envy">>,
  {git,"https://github.com/shortishly/envy.git",
       {ref,"d91a4688034dec85b4337cf02dbb78bf48fa75e8"}},
  1},
 {<<"maps_utils">>,
  {git,"https://github.com/Leapsight/maps_utils.git",
       {ref,"5c3b921076d7d87fc6e6550e9ba9abb31149d61d"}},
  0},
 {<<"metrics">>,
  {git,"https://github.com/shortishly/metrics.git",
       {ref,"a68e9302e793d7ea0a63b5e981131ebf1bf79bc7"}},
  0},
 {<<"parse_trans">>,{pkg,<<"parse_trans">>,<<"3.4.1">>},0},
 {<<"ranch">>,
  {git,"https://github.com/ninenines/ranch",
       {ref,"a692f44567034dacf5efcaa24a24183788594eb7"}},
  2},
 {<<"recon">>,
  {git,"https://github.com/ferd/recon",
       {ref,"34194da6d9f8ed25f274e0ebb098dc9e95bcf547"}},
  1},
 {<<"telemetry">>,{pkg,<<"telemetry">>,<<"1.2.1">>},0}]}.
[
{pkg_hash,[
 {<<"parse_trans">>, <<"6E6AA8167CB44CC8F39441D05193BE6E6F4E7C2946CB2759F015F8C56B76E5FF">>},
 {<<"telemetry">>, <<"68FDFE8D8F05A8428483A97D7AAB2F268AAFF24B49E0F599FAA091F1D4E7F61C">>}]},
{pkg_hash_ext,[
 {<<"parse_trans">>, <<"620A406CE75DADA827B82E453C19CF06776BE266F5A67CFF34E1EF2CBB60E49A">>},
 {<<"telemetry">>, <<"DAD9CE9D8EFFC621708F99EAC538EF1CBE05D6A874DD741DE2E689C47FEAFED5">>}]}
].
